Microsoft Visual Studio Solution File, Format Version 12.00
# Visual Studio Version 17
VisualStudioVersion = 17.5.2.0
MinimumVisualStudioVersion = 10.0.40219.1
Project("{FAE04EC0-301F-11D3-BF4B-00C04F79EFBC}") = "FluentKnowledge_UI", "FluentKnowledge_UI.csproj", "{87E512DE-0E53-64A5-09D2-CEEF87E08FDE}"
EndProject
Global
	GlobalSection(SolutionConfigurationPlatforms) = preSolution
		Debug|Any CPU = Debug|Any CPU
		Release|Any CPU = Release|Any CPU
	EndGlobalSection
	GlobalSection(ProjectConfigurationPlatforms) = postSolution
		{87E512DE-0E53-64A5-09D2-CEEF87E08FDE}.Debug|Any CPU.ActiveCfg = Debug|Any CPU
		{87E512DE-0E53-64A5-09D2-CEEF87E08FDE}.Debug|Any CPU.Build.0 = Debug|Any CPU
		{87E512DE-0E53-64A5-09D2-CEEF87E08FDE}.Release|Any CPU.ActiveCfg = Release|Any CPU
		{87E512DE-0E53-64A5-09D2-CEEF87E08FDE}.Release|Any CPU.Build.0 = Release|Any CPU
	EndGlobalSection
	GlobalSection(SolutionProperties) = preSolution
		HideSolutionNode = FALSE
	EndGlobalSection
	GlobalSection(ExtensibilityGlobals) = postSolution
		SolutionGuid = {5587B4A5-8E85-4FAA-9016-CB33DEBBB454}
	EndGlobalSection
EndGlobal
